
Microsoft Visual Studio Solution File, Format Version 12.00
# Visual Studio Version 17
VisualStudioVersion = 17.7.34024.191
MinimumVisualStudioVersion = 10.0.40219.1
Project("{FAE04EC0-301F-11D3-BF4B-00C04F79EFBC}") = "traveltrip", "traveltrip\traveltrip.csproj", "{856224CB-4B72-4C79-881F-B8BE4E8A7DC5}"
EndProject
Global
	GlobalSection(SolutionConfigurationPlatforms) = preSolution
		Debug|Any CPU = Debug|Any CPU
		Release|Any CPU = Release|Any CPU
	EndGlobalSection
	GlobalSection(ProjectConfigurationPlatforms) = postSolution
		{856224CB-4B72-4C79-881F-B8BE4E8A7DC5}.Debug|Any CPU.ActiveCfg = Debug|Any CPU
		{856224CB-4B72-4C79-881F-B8BE4E8A7DC5}.Debug|Any CPU.Build.0 = Debug|Any CPU
		{856224CB-4B72-4C79-881F-B8BE4E8A7DC5}.Release|Any CPU.ActiveCfg = Release|Any CPU
		{856224CB-4B72-4C79-881F-B8BE4E8A7DC5}.Release|Any CPU.Build.0 = Release|Any CPU
	EndGlobalSection
	GlobalSection(SolutionProperties) = preSolution
		HideSolutionNode = FALSE
	EndGlobalSection
	GlobalSection(ExtensibilityGlobals) = postSolution
		SolutionGuid = {3813DB18-3D2C-4C83-9EDD-3654AF554405}
	EndGlobalSection
EndGlobal
